
Microsoft Visual Studio Solution File, Format Version 12.00
# Visual Studio Version 17
VisualStudioVersion = 17.3.32811.315
MinimumVisualStudioVersion = 10.0.40219.1
Project("{FAE04EC0-301F-11D3-BF4B-00C04F79EFBC}") = "Web", "Web\Web.csproj", "{9B9E103C-8248-41E6-9D27-4C965F1BF0DA}"
EndProject
Project("{FAE04EC0-301F-11D3-BF4B-00C04F79EFBC}") = "CSharp", "CSharp\CSharp.csproj", "{E317A791-1585-4B44-9793-D728C9D81064}"
EndProject
Project("{FAE04EC0-301F-11D3-BF4B-00C04F79EFBC}") = "01Controller", "01controller\01Controller.csproj", "{7AA7F0B3-C1B5-491E-9249-AB0E491CF3D0}"
EndProject
Project("{FAE04EC0-301F-11D3-BF4B-00C04F79EFBC}") = "02View", "02View\02View.csproj", "{CF481FF9-F3B3-41E5-BB6E-F259B7A7DCB7}"
EndProject
Project("{FAE04EC0-301F-11D3-BF4B-00C04F79EFBC}") = "03Model", "03Model\03Model.csproj", "{BFC78B9E-37BE-4351-B113-DAA32BD875AD}"
EndProject
Project("{FAE04EC0-301F-11D3-BF4B-00C04F79EFBC}") = "04ViewModel", "04 ViewModel\04ViewModel.csproj", "{AECEEE40-9AEF-432C-9336-591F97E6809B}"
EndProject
Project("{FAE04EC0-301F-11D3-BF4B-00C04F79EFBC}") = "RWD", "RWD\RWD.csproj", "{CE645F0F-1994-4381-8AD3-DC482ED0BD66}"
EndProject
Project("{FAE04EC0-301F-11D3-BF4B-00C04F79EFBC}") = "MCSDD26", "MCSDD26\MCSDD26.csproj", "{733D7BB7-CF75-4D12-B5B7-80C3964B6728}"
EndProject
Project("{FAE04EC0-301F-11D3-BF4B-00C04F79EFBC}") = "05CustomValidation", "05Cust\05CustomValidation.csproj", "{D7761708-A404-4B71-B69C-4F4DDBF5331A}"
EndProject
Project("{FAE04EC0-301F-11D3-BF4B-00C04F79EFBC}") = "06ADOnet", "06ADOnet\06ADOnet.csproj", "{0E5A0492-5C03-490C-8795-83D221C8E077}"
EndProject
Project("{FAE04EC0-301F-11D3-BF4B-00C04F79EFBC}") = "TIDIP", "TIDIP\TIDIP.csproj", "{D6A1FCF0-A792-49EC-AAE9-7101839F26F2}"
EndProject
Project("{FAE04EC0-301F-11D3-BF4B-00C04F79EFBC}") = "07WebAPI", "07WebAPI\07WebAPI.csproj", "{174F9BA4-6566-47B4-8631-C6648FD93EF4}"
EndProject
Project("{FAE04EC0-301F-11D3-BF4B-00C04F79EFBC}") = "TIDIP_ADO_NET", "TIDIP_ADO_NET\TIDIP_ADO_NET.csproj", "{D0EAF1CF-0A1A-4DFE-A50E-781CBE46A31C}"
EndProject
Project("{FAE04EC0-301F-11D3-BF4B-00C04F79EFBC}") = "dk", "dk\dk.csproj", "{659E9EED-B931-4781-AD4B-BE2DAD971DCD}"
EndProject
Global
	GlobalSection(SolutionConfigurationPlatforms) = preSolution
		Debug|Any CPU = Debug|Any CPU
		Release|Any CPU = Release|Any CPU
	EndGlobalSection
	GlobalSection(ProjectConfigurationPlatforms) = postSolution
		{9B9E103C-8248-41E6-9D27-4C965F1BF0DA}.Debug|Any CPU.ActiveCfg = Debug|Any CPU
		{9B9E103C-8248-41E6-9D27-4C965F1BF0DA}.Debug|Any CPU.Build.0 = Debug|Any CPU
		{9B9E103C-8248-41E6-9D27-4C965F1BF0DA}.Release|Any CPU.ActiveCfg = Release|Any CPU
		{9B9E103C-8248-41E6-9D27-4C965F1BF0DA}.Release|Any CPU.Build.0 = Release|Any CPU
		{E317A791-1585-4B44-9793-D728C9D81064}.Debug|Any CPU.ActiveCfg = Debug|Any CPU
		{E317A791-1585-4B44-9793-D728C9D81064}.Debug|Any CPU.Build.0 = Debug|Any CPU
		{E317A791-1585-4B44-9793-D728C9D81064}.Release|Any CPU.ActiveCfg = Release|Any CPU
		{E317A791-1585-4B44-9793-D728C9D81064}.Release|Any CPU.Build.0 = Release|Any CPU
		{7AA7F0B3-C1B5-491E-9249-AB0E491CF3D0}.Debug|Any CPU.ActiveCfg = Debug|Any CPU
		{7AA7F0B3-C1B5-491E-9249-AB0E491CF3D0}.Debug|Any CPU.Build.0 = Debug|Any CPU
		{7AA7F0B3-C1B5-491E-9249-AB0E491CF3D0}.Release|Any CPU.ActiveCfg = Release|Any CPU
		{7AA7F0B3-C1B5-491E-9249-AB0E491CF3D0}.Release|Any CPU.Build.0 = Release|Any CPU
		{CF481FF9-F3B3-41E5-BB6E-F259B7A7DCB7}.Debug|Any CPU.ActiveCfg = Debug|Any CPU
		{CF481FF9-F3B3-41E5-BB6E-F259B7A7DCB7}.Debug|Any CPU.Build.0 = Debug|Any CPU
		{CF481FF9-F3B3-41E5-BB6E-F259B7A7DCB7}.Release|Any CPU.ActiveCfg = Release|Any CPU
		{CF481FF9-F3B3-41E5-BB6E-F259B7A7DCB7}.Release|Any CPU.Build.0 = Release|Any CPU
		{BFC78B9E-37BE-4351-B113-DAA32BD875AD}.Debug|Any CPU.ActiveCfg = Debug|Any CPU
		{BFC78B9E-37BE-4351-B113-DAA32BD875AD}.Debug|Any CPU.Build.0 = Debug|Any CPU
		{BFC78B9E-37BE-4351-B113-DAA32BD875AD}.Release|Any CPU.ActiveCfg = Release|Any CPU
		{BFC78B9E-37BE-4351-B113-DAA32BD875AD}.Release|Any CPU.Build.0 = Release|Any CPU
		{AECEEE40-9AEF-432C-9336-591F97E6809B}.Debug|Any CPU.ActiveCfg = Debug|Any CPU
		{AECEEE40-9AEF-432C-9336-591F97E6809B}.Debug|Any CPU.Build.0 = Debug|Any CPU
		{AECEEE40-9AEF-432C-9336-591F97E6809B}.Release|Any CPU.ActiveCfg = Release|Any CPU
		{AECEEE40-9AEF-432C-9336-591F97E6809B}.Release|Any CPU.Build.0 = Release|Any CPU
		{CE645F0F-1994-4381-8AD3-DC482ED0BD66}.Debug|Any CPU.ActiveCfg = Debug|Any CPU
		{CE645F0F-1994-4381-8AD3-DC482ED0BD66}.Debug|Any CPU.Build.0 = Debug|Any CPU
		{CE645F0F-1994-4381-8AD3-DC482ED0BD66}.Release|Any CPU.ActiveCfg = Release|Any CPU
		{CE645F0F-1994-4381-8AD3-DC482ED0BD66}.Release|Any CPU.Build.0 = Release|Any CPU
		{733D7BB7-CF75-4D12-B5B7-80C3964B6728}.Debug|Any CPU.ActiveCfg = Debug|Any CPU
		{733D7BB7-CF75-4D12-B5B7-80C3964B6728}.Debug|Any CPU.Build.0 = Debug|Any CPU
		{733D7BB7-CF75-4D12-B5B7-80C3964B6728}.Release|Any CPU.ActiveCfg = Release|Any CPU
		{733D7BB7-CF75-4D12-B5B7-80C3964B6728}.Release|Any CPU.Build.0 = Release|Any CPU
		{D7761708-A404-4B71-B69C-4F4DDBF5331A}.Debug|Any CPU.ActiveCfg = Debug|Any CPU
		{D7761708-A404-4B71-B69C-4F4DDBF5331A}.Debug|Any CPU.Build.0 = Debug|Any CPU
		{D7761708-A404-4B71-B69C-4F4DDBF5331A}.Release|Any CPU.ActiveCfg = Release|Any CPU
		{D7761708-A404-4B71-B69C-4F4DDBF5331A}.Release|Any CPU.Build.0 = Release|Any CPU
		{0E5A0492-5C03-490C-8795-83D221C8E077}.Debug|Any CPU.ActiveCfg = Debug|Any CPU
		{0E5A0492-5C03-490C-8795-83D221C8E077}.Debug|Any CPU.Build.0 = Debug|Any CPU
		{0E5A0492-5C03-490C-8795-83D221C8E077}.Release|Any CPU.ActiveCfg = Release|Any CPU
		{0E5A0492-5C03-490C-8795-83D221C8E077}.Release|Any CPU.Build.0 = Release|Any CPU
		{D6A1FCF0-A792-49EC-AAE9-7101839F26F2}.Debug|Any CPU.ActiveCfg = Debug|Any CPU
		{D6A1FCF0-A792-49EC-AAE9-7101839F26F2}.Debug|Any CPU.Build.0 = Debug|Any CPU
		{D6A1FCF0-A792-49EC-AAE9-7101839F26F2}.Release|Any CPU.ActiveCfg = Release|Any CPU
		{D6A1FCF0-A792-49EC-AAE9-7101839F26F2}.Release|Any CPU.Build.0 = Release|Any CPU
		{174F9BA4-6566-47B4-8631-C6648FD93EF4}.Debug|Any CPU.ActiveCfg = Debug|Any CPU
		{174F9BA4-6566-47B4-8631-C6648FD93EF4}.Debug|Any CPU.Build.0 = Debug|Any CPU
		{174F9BA4-6566-47B4-8631-C6648FD93EF4}.Release|Any CPU.ActiveCfg = Release|Any CPU
		{174F9BA4-6566-47B4-8631-C6648FD93EF4}.Release|Any CPU.Build.0 = Release|Any CPU
		{D0EAF1CF-0A1A-4DFE-A50E-781CBE46A31C}.Debug|Any CPU.ActiveCfg = Debug|Any CPU
		{D0EAF1CF-0A1A-4DFE-A50E-781CBE46A31C}.Debug|Any CPU.Build.0 = Debug|Any CPU
		{D0EAF1CF-0A1A-4DFE-A50E-781CBE46A31C}.Release|Any CPU.ActiveCfg = Release|Any CPU
		{D0EAF1CF-0A1A-4DFE-A50E-781CBE46A31C}.Release|Any CPU.Build.0 = Release|Any CPU
		{659E9EED-B931-4781-AD4B-BE2DAD971DCD}.Debug|Any CPU.ActiveCfg = Debug|Any CPU
		{659E9EED-B931-4781-AD4B-BE2DAD971DCD}.Debug|Any CPU.Build.0 = Debug|Any CPU
		{659E9EED-B931-4781-AD4B-BE2DAD971DCD}.Release|Any CPU.ActiveCfg = Release|Any CPU
		{659E9EED-B931-4781-AD4B-BE2DAD971DCD}.Release|Any CPU.Build.0 = Release|Any CPU
	EndGlobalSection
	GlobalSection(SolutionProperties) = preSolution
		HideSolutionNode = FALSE
	EndGlobalSection
	GlobalSection(ExtensibilityGlobals) = postSolution
		SolutionGuid = {0AC90961-40B1-4EAA-9D27-C3D99E14D98E}
	EndGlobalSection
EndGlobal
